
Microsoft Visual Studio Solution File, Format Version 12.00
# Visual Studio Version 17
VisualStudioVersion = 17.5.33414.496
MinimumVisualStudioVersion = 10.0.40219.1
Project("{FAE04EC0-301F-11D3-BF4B-00C04F79EFBC}") = "TransactionGateway.API", "TransactionGateway.API.csproj", "{20072DF5-BE58-4DB6-BE77-7EE07B22E19B}"
EndProject
Global
	GlobalSection(SolutionConfigurationPlatforms) = preSolution
		Debug|Any CPU = Debug|Any CPU
		Release|Any CPU = Release|Any CPU
	EndGlobalSection
	GlobalSection(ProjectConfigurationPlatforms) = postSolution
		{20072DF5-BE58-4DB6-BE77-7EE07B22E19B}.Debug|Any CPU.ActiveCfg = Debug|Any CPU
		{20072DF5-BE58-4DB6-BE77-7EE07B22E19B}.Debug|Any CPU.Build.0 = Debug|Any CPU
		{20072DF5-BE58-4DB6-BE77-7EE07B22E19B}.Release|Any CPU.ActiveCfg = Release|Any CPU
		{20072DF5-BE58-4DB6-BE77-7EE07B22E19B}.Release|Any CPU.Build.0 = Release|Any CPU
	EndGlobalSection
	GlobalSection(SolutionProperties) = preSolution
		HideSolutionNode = FALSE
	EndGlobalSection
	GlobalSection(ExtensibilityGlobals) = postSolution
		SolutionGuid = {B62C1CEC-D3A2-4023-A497-C8E4A7218C1F}
	EndGlobalSection
EndGlobal
